
Microsoft Visual Studio Solution File, Format Version 12.00
# Visual Studio 2013
VisualStudioVersion = 12.0.31101.0
MinimumVisualStudioVersion = 10.0.40219.1
Project("{FAE04EC0-301F-11D3-BF4B-00C04F79EFBC}") = "King.JTrak.Core", "King.JTrak\King.JTrak.Core.csproj", "{8BBE4365-59F3-4644-93AC-2F90E4AE0053}"
EndProject
Project("{2150E333-8FDC-42A3-9474-1A3956D46DE8}") = ".nuget", ".nuget", "{127B4385-EF5D-4807-B4A9-0FDD60C80A04}"
	ProjectSection(SolutionItems) = preProject
		.nuget\NuGet.Config = .nuget\NuGet.Config
		.nuget\NuGet.exe = .nuget\NuGet.exe
		.nuget\NuGet.targets = .nuget\NuGet.targets
	EndProjectSection
EndProject
Project("{2150E333-8FDC-42A3-9474-1A3956D46DE8}") = "Test", "Test", "{8D994D2D-9B6D-41D3-BBB9-86ED4EE5706D}"
EndProject
Project("{2150E333-8FDC-42A3-9474-1A3956D46DE8}") = "Examples", "Examples", "{1E0DDF08-223E-46B4-8DD4-01FAC4D076F0}"
EndProject
Global
	GlobalSection(SolutionConfigurationPlatforms) = preSolution
		Debug|Any CPU = Debug|Any CPU
		Release|Any CPU = Release|Any CPU
	EndGlobalSection
	GlobalSection(ProjectConfigurationPlatforms) = postSolution
		{8BBE4365-59F3-4644-93AC-2F90E4AE0053}.Debug|Any CPU.ActiveCfg = Debug|Any CPU
		{8BBE4365-59F3-4644-93AC-2F90E4AE0053}.Debug|Any CPU.Build.0 = Debug|Any CPU
		{8BBE4365-59F3-4644-93AC-2F90E4AE0053}.Release|Any CPU.ActiveCfg = Release|Any CPU
		{8BBE4365-59F3-4644-93AC-2F90E4AE0053}.Release|Any CPU.Build.0 = Release|Any CPU
	EndGlobalSection
	GlobalSection(SolutionProperties) = preSolution
		HideSolutionNode = FALSE
	EndGlobalSection
EndGlobal
